PODS:
  - SnackBar.swift (0.1.0):
    - SnapKit
  - SnapKit (4.2.0)

DEPENDENCIES:
  - SnackBar.swift (from `../`)

SPEC REPOS:
  trunk:
    - SnapKit

EXTERNAL SOURCES:
  SnackBar.swift:
    :path: "../"

SPEC CHECKSUMS:
  SnackBar.swift: 79ea4df13ea9e6633137dd6acbd490534d26440d
  SnapKit: fe8a619752f3f27075cc9a90244d75c6c3f27e2a

PODFILE CHECKSUM: 155dd2b421bc929b6eef3fc35f73bb438553d872

COCOAPODS: 1.11.3
